
Microsoft Visual Studio Solution File, Format Version 12.00
# Visual Studio Version 17
VisualStudioVersion = 17.0.32112.339
MinimumVisualStudioVersion = 10.0.40219.1
Project("{9A19103F-16F7-4668-BE54-9A1E7A4F7556}") = "Clases,progra", "Clase8,progra\Clases,progra.csproj", "{C8774ADF-6842-4356-BAAC-B5CC8E032DBF}"
EndProject
Global
	GlobalSection(SolutionConfigurationPlatforms) = preSolution
		Debug|Any CPU = Debug|Any CPU
		Release|Any CPU = Release|Any CPU
	EndGlobalSection
	GlobalSection(ProjectConfigurationPlatforms) = postSolution
		{C8774ADF-6842-4356-BAAC-B5CC8E032DBF}.Debug|Any CPU.ActiveCfg = Debug|Any CPU
		{C8774ADF-6842-4356-BAAC-B5CC8E032DBF}.Debug|Any CPU.Build.0 = Debug|Any CPU
		{C8774ADF-6842-4356-BAAC-B5CC8E032DBF}.Release|Any CPU.ActiveCfg = Release|Any CPU
		{C8774ADF-6842-4356-BAAC-B5CC8E032DBF}.Release|Any CPU.Build.0 = Release|Any CPU
	EndGlobalSection
	GlobalSection(SolutionProperties) = preSolution
		HideSolutionNode = FALSE
	EndGlobalSection
	GlobalSection(ExtensibilityGlobals) = postSolution
		SolutionGuid = {1C44D7FC-17DF-4382-A231-F07C75EDD45E}
	EndGlobalSection
EndGlobal
